PODS:
  - NCMB (1.4.1)

DEPENDENCIES:
  - NCMB (from `https://github.com/NIFCloud-mbaas/ncmb_swift.git`)

EXTERNAL SOURCES:
  NCMB:
    :git: https://github.com/NIFCloud-mbaas/ncmb_swift.git

CHECKOUT OPTIONS:
  NCMB:
    :commit: bf4b325ceba1941cfd48c084338dbf7b02c9e82d
    :git: https://github.com/NIFCloud-mbaas/ncmb_swift.git

SPEC CHECKSUMS:
  NCMB: d77cb49624841ab0af467ef55a8a8a2ff8525726

PODFILE CHECKSUM: a9dd520f19b057cf006dc7b4e2f37d300da2723c

COCOAPODS: 1.11.3
